FORGE
  remote: https://forgeapi.puppetlabs.com
  specs:
    b4ldr-logrotate (1.1.3)
    darin-zypprepo (1.0.2)
    ispavailability-file_concat (0.1.0)
    maestrodev-wget (1.5.7)
    nanliu-staging (1.0.3)
    puppetlabs-gcc (0.2.0)
    puppetlabs-java (1.3.0)
      puppetlabs-stdlib (>= 2.4.0)
    richardc-datacat (0.6.1)
    stahnma-epel (1.0.2)

GIT
  remote: git://ala-git.wrs.com/external/extra/github.com.puppetlabs.puppetlabs-concat.git
  ref: 1.2.4
  sha: b957bb97789951d75acdd766557d9c094f99f456
  specs:
    puppetlabs-concat (1.2.4)
      puppetlabs-stdlib (< 5.0.0, >= 3.2.0)

GIT
  remote: git://ala-git.wrs.com/external/extra/github.com.puppetlabs.puppetlabs-stdlib.git
  ref: 4.5.1
  sha: 7a91f209908f78d305e4de56ccc2f42b2b5953af
  specs:
    puppetlabs-stdlib (4.5.1)

GIT
  remote: git://ala-git.wrs.com/external/puppet/github.com.deric.puppet-mesos.git
  ref: v0.5.3
  sha: 3147b69a3253dcd147099f12c33c048ac19d2f41
  specs:
    deric-mesos (0.5.3)
      puppetlabs-apt (>= 1.0.0)
      puppetlabs-stdlib (>= 4.2.0)

GIT
  remote: git://ala-git.wrs.com/external/puppet/github.com.deric.puppet-zookeeper.git
  ref: v0.3.9
  sha: b1912045ac65f13e53d60f73515ad08fff4f4f25
  specs:
    deric-zookeeper (0.3.9)
      puppetlabs-stdlib (>= 2.3.3)
      richardc-datacat (>= 0)

GIT
  remote: git://ala-git.wrs.com/external/puppet/github.com.dhoppe.puppet-postfix.git
  ref: 1.0.3
  sha: b2c48161f9437e4b8f41dbbec0852d29f4884ded
  specs:
    dhoppe-postfix (1.0.3)
      puppetlabs-stdlib (< 5.0.0, >= 3.2.0)

GIT
  remote: git://ala-git.wrs.com/external/puppet/github.com.elasticsearch.puppet-logstash.git
  ref: master
  sha: 0b49e12d59898735899b747377c2cf64b4789f80
  specs:
    puppet-logstash (0.5.1)
      ispavailability-file_concat (>= 0.1.0)
      puppetlabs-stdlib (>= 3.2.0)

GIT
  remote: git://ala-git.wrs.com/external/puppet/github.com.garethr.garethr-docker.git
  ref: v4.1.1
  sha: f3633c22f111dd44efa7861d70655a8365483178
  specs:
    garethr-docker (4.1.1)
      puppetlabs-apt (<= 3.0.0, >= 1.1.0)
      puppetlabs-stdlib (>= 4.1.0)
      stahnma-epel (>= 0.0.6)

GIT
  remote: git://ala-git.wrs.com/external/puppet/github.com.garethr.puppet-riemann.git
  ref: master
  sha: 59456e1923e7ae3b6b29a4b3dc0eed6c5a336ae0
  specs:
    puppet-riemann (0.6.0)
      maestrodev-wget (>= 0)
      puppetlabs-gcc (>= 0)
      puppetlabs-java (>= 0)
      puppetlabs-stdlib (>= 4.1.0)
      stahnma-epel (>= 0.0.6)

GIT
  remote: git://ala-git.wrs.com/external/puppet/github.com.puppetlabs.puppet-apt.git
  ref: 1.8.0
  sha: 47c6f338eda98ed849531d92b63c5e33103f76e4
  specs:
    puppetlabs-apt (1.8.0)
      puppetlabs-stdlib (>= 2.2.1)

GIT
  remote: git://ala-git.wrs.com/external/puppet/github.com.puppetlabs.puppetlabs-inifile.git
  ref: 1.2.0
  sha: 91c17084b29b94fd5c54d8aa338109df632f5d7e
  specs:
    puppetlabs-inifile (1.2.0)

GIT
  remote: git://ala-git.wrs.com/external/puppet/github.com.solarkennedy.puppet-consul.git
  ref: v1.0.0
  sha: b2d5d6e0a4d027ce0ec254bea389e91fdb708bd0
  specs:
    solarkennedy-consul (0.5.0)
      nanliu-staging (< 2.0.0, >= 0.4.0)
      puppetlabs-stdlib (< 5.0.0, >= 4.2.0)

GIT
  remote: https://github.com/bodgit/puppet-zfs.git
  ref: 95d6d9f12933fb5ea0c0e42b63faa6a6a66f7d2d
  sha: 95d6d9f12933fb5ea0c0e42b63faa6a6a66f7d2d
  specs:
    bodgit-zfs (1.0.0)
      puppetlabs-apt (< 2.0.0, >= 1.4.2)
      puppetlabs-stdlib (< 5.0.0, >= 4.2.0)
      stahnma-epel (< 2.0.0, >= 1.0.0)

GIT
  remote: https://github.com/dalen/puppet-puppetdbquery.git
  ref: 1.5.3
  sha: be650dcfa3c8af92f190685ca17f0f171d1bb3af
  specs:
    dalen-puppetdbquery (1.5.3)

GIT
  remote: https://github.com/jtopjian/puppet-sshkeys.git
  ref: 2.1.0
  sha: ae5cf955661fc1f8ff39962d2e8f30ba02cb9ca5
  specs:
    jtopjian-sshkeys (2.1.0)
      dalen-puppetdbquery (>= 1.3.2)
      puppetlabs-stdlib (>= 4.1.0)

DEPENDENCIES
  b4ldr-logrotate (= 1.1.3)
  bodgit-zfs (>= 0)
  dalen-puppetdbquery (>= 0)
  darin-zypprepo (= 1.0.2)
  deric-mesos (>= 0)
  deric-zookeeper (>= 0)
  dhoppe-postfix (>= 0)
  garethr-docker (>= 0)
  jtopjian-sshkeys (>= 0)
  puppet-logstash (>= 0)
  puppet-riemann (>= 0)
  puppetlabs-apt (>= 0)
  puppetlabs-concat (>= 0)
  puppetlabs-inifile (>= 0)
  puppetlabs-stdlib (>= 0)
  solarkennedy-consul (>= 0)

