FORGE
  remote: https://forgeapi.puppetlabs.com
  specs:
    b4ldr-logrotate (1.1.3)
    darin-zypprepo (1.0.2)
    ispavailability-file_concat (0.1.0)
    maestrodev-wget (1.5.7)
    nanliu-staging (1.0.3)
    puppetlabs-gcc (0.2.0)
    richardc-datacat (0.6.1)
    stahnma-epel (1.0.2)

GIT
  remote: git://ala-git.wrs.com/external/extra/github.com.puppetlabs.puppetlabs-concat.git
  ref: 1.2.4
  sha: b957bb97789951d75acdd766557d9c094f99f456
  specs:
    puppetlabs-concat (1.2.4)
      puppetlabs-stdlib (< 5.0.0, >= 3.2.0)

GIT
  remote: git://ala-git.wrs.com/external/extra/github.com.puppetlabs.puppetlabs-firewall.git
  ref: 1.7.2
  sha: 71c659faf38d5e0cf19cfc16bb690b4c450fbd2a
  specs:
    puppetlabs-firewall (1.7.2)

GIT
  remote: git://ala-git.wrs.com/external/extra/github.com.puppetlabs.puppetlabs-postgresql.git
  ref: 4.6.1
  sha: bd44f6677cffdbd31a792688d7e1d817c7f3551c
  specs:
    puppetlabs-postgresql (4.6.1)
      puppetlabs-apt (< 3.0.0, >= 1.8.0)
      puppetlabs-concat (< 2.0.0, >= 1.1.0)
      puppetlabs-stdlib (~> 4.0)

GIT
  remote: git://ala-git.wrs.com/external/extra/github.com.puppetlabs.puppetlabs-rsync.git
  ref: 0.4.0
  sha: 8fe65d0b70c0615a63551ae4af2bb5f808ef2421
  specs:
    puppetlabs-rsync (0.4.0)
      puppetlabs-concat (>= 1.1.1)
      puppetlabs-stdlib (>= 2.2.1)
      puppetlabs-xinetd (>= 1.1.0)

GIT
  remote: git://ala-git.wrs.com/external/extra/github.com.puppetlabs.puppetlabs-stdlib.git
  ref: 4.6.0
  sha: 73474b00b5ae3cbccec6cd0711311d6450139e51
  specs:
    puppetlabs-stdlib (4.6.0)

GIT
  remote: git://ala-git.wrs.com/external/extra/github.com.puppetlabs.puppetlabs-vcsrepo.git
  ref: 1.3.1
  sha: 56d55ee4426ddcbcf568d5b413ed780812738657
  specs:
    puppetlabs-vcsrepo (1.3.1)

GIT
  remote: git://ala-git.wrs.com/external/extra/github.com.puppetlabs.puppetlabs-xinetd.git
  ref: 1.5.0
  sha: 5e31388979e8f3a667899fad5cefa95289e22281
  specs:
    puppetlabs-xinetd (1.5.0)
      puppetlabs-stdlib (>= 2.2.1)

GIT
  remote: git://ala-git.wrs.com/external/puppet/github.com.arioch.puppet-redis.git
  ref: 1.1.3
  sha: 8fde53fb9d9e2f8e10cde9bce54bca43daf8954e
  specs:
    arioch-redis (1.1.3)
      puppetlabs-apt (< 3.0.0, >= 2.0.1)
      puppetlabs-stdlib (< 5.0.0, >= 1.0.2)
      stahnma-epel (< 2.0.0, >= 1.0.2)

GIT
  remote: git://ala-git.wrs.com/external/puppet/github.com.deric.puppet-mesos.git
  ref: v0.8.0
  sha: c69e493c1d4c1813517fd0b9da6a36e904eb3747
  specs:
    deric-mesos (0.8.0)
      puppetlabs-apt (<= 3.0.0, >= 2.1.0)
      puppetlabs-stdlib (< 5.0.0, >= 2.4.0, >= 4.2.0)

GIT
  remote: git://ala-git.wrs.com/external/puppet/github.com.deric.puppet-zookeeper.git
  ref: v0.3.9
  sha: b1912045ac65f13e53d60f73515ad08fff4f4f25
  specs:
    deric-zookeeper (0.3.9)
      puppetlabs-stdlib (>= 2.3.3)
      richardc-datacat (>= 0)

GIT
  remote: git://ala-git.wrs.com/external/puppet/github.com.dhoppe.puppet-postfix.git
  ref: 1.0.3
  sha: b2c48161f9437e4b8f41dbbec0852d29f4884ded
  specs:
    dhoppe-postfix (1.0.3)
      puppetlabs-stdlib (< 5.0.0, >= 3.2.0)

GIT
  remote: git://ala-git.wrs.com/external/puppet/github.com.duritong.puppet-sysctl.git
  ref: v0.0.11
  sha: 65ffe839a4ce785bc3901452488197a0ef158cd8
  specs:
    duritong-sysctl (0.0.11)

GIT
  remote: git://ala-git.wrs.com/external/puppet/github.com.elasticsearch.puppet-logstash.git
  ref: master
  sha: 0b49e12d59898735899b747377c2cf64b4789f80
  specs:
    puppet-logstash (0.5.1)
      ispavailability-file_concat (>= 0.1.0)
      puppetlabs-stdlib (>= 3.2.0)

GIT
  remote: git://ala-git.wrs.com/external/puppet/github.com.garethr.garethr-docker.git
  ref: v5.2.0
  sha: 68dd0024fb845de1839df95713154d8181349851
  specs:
    garethr-docker (5.2.0)
      puppetlabs-apt (<= 3.0.0, >= 1.8.0)
      puppetlabs-stdlib (>= 4.1.0)
      stahnma-epel (>= 0.0.6)

GIT
  remote: git://ala-git.wrs.com/external/puppet/github.com.garethr.puppet-riemann.git
  ref: master
  sha: 59456e1923e7ae3b6b29a4b3dc0eed6c5a336ae0
  specs:
    puppet-riemann (0.6.0)
      maestrodev-wget (>= 0)
      puppetlabs-gcc (>= 0)
      puppetlabs-java (>= 0)
      puppetlabs-stdlib (>= 4.1.0)
      stahnma-epel (>= 0.0.6)

GIT
  remote: git://ala-git.wrs.com/external/puppet/github.com.gdhbashton.puppet-consul_template.git
  ref: ef908e5bdda5e830b4b00a68a83fbc28a1b255ed
  sha: ef908e5bdda5e830b4b00a68a83fbc28a1b255ed
  specs:
    gdhbashton-consul_template (0.2.4)
      nanliu-staging (>= 0.4.0)
      puppetlabs-concat (>= 1.1.0)
      puppetlabs-stdlib (>= 1.0.0)

GIT
  remote: git://ala-git.wrs.com/external/puppet/github.com.hunner.puppet-hiera.git
  ref: 1.3.2
  sha: 5bc109737e0b3b2b1436225ba83c66e12a4fb804
  specs:
    hunner-hiera (1.3.2)
      puppetlabs-stdlib (>= 0)

GIT
  remote: git://ala-git.wrs.com/external/puppet/github.com.mrjoshuap.puppet-dnsmasq.git
  ref: e96635b8428be746162c1732a75636e64345681c
  sha: e96635b8428be746162c1732a75636e64345681c
  specs:
    mrjoshuap-dnsmasq (1.1.2)
      puppetlabs-stdlib (< 5.0.0, >= 3.2.0)

GIT
  remote: git://ala-git.wrs.com/external/puppet/github.com.puppet-community.puppet-collectd.git
  ref: v4.2.0
  sha: 51b4d026142129e82fd9daf5f417b9fe99df2ee8
  specs:
    puppet-collectd (4.2.0)
      puppetlabs-concat (>= 1.0.4)
      puppetlabs-stdlib (>= 3.2.0)

GIT
  remote: git://ala-git.wrs.com/external/puppet/github.com.puppet-community.puppet-unattended_upgrades.git
  ref: e56c49dd4dfd08587fa3e86dfc177ae5202989b8
  sha: e56c49dd4dfd08587fa3e86dfc177ae5202989b8
  specs:
    puppet-unattended_upgrades (1.0.3)
      puppetlabs-apt (< 3.0.0, >= 2.2.0)
      puppetlabs-stdlib (< 5.0.0, >= 4.6.0)

GIT
  remote: git://ala-git.wrs.com/external/puppet/github.com.puppetlabs.puppet-apt.git
  ref: 2.2.0
  sha: 800c8cc1b2e06d7e0a273d8b51a999da8dae7ecb
  specs:
    puppetlabs-apt (2.2.0)
      puppetlabs-stdlib (< 5.0.0, >= 4.5.0)

GIT
  remote: git://ala-git.wrs.com/external/puppet/github.com.puppetlabs.puppetlabs-apache.git
  ref: 1.7.1
  sha: f7946501ddb68e0057b5dc3272657bea891639e5
  specs:
    puppetlabs-apache (1.7.1)
      puppetlabs-concat (< 2.0.0, >= 1.1.1)
      puppetlabs-stdlib (< 5.0.0, >= 2.4.0)

GIT
  remote: git://ala-git.wrs.com/external/puppet/github.com.puppetlabs.puppetlabs-inifile.git
  ref: 1.2.0
  sha: 91c17084b29b94fd5c54d8aa338109df632f5d7e
  specs:
    puppetlabs-inifile (1.2.0)

GIT
  remote: git://ala-git.wrs.com/external/puppet/github.com.puppetlabs.puppetlabs-java.git
  ref: 1.4.2
  sha: faede8c802c89ebe1f5e1a6c0f1b7b11d9cef996
  specs:
    puppetlabs-java (1.4.2)
      puppetlabs-stdlib (< 5.0.0, >= 2.4.0)

GIT
  remote: git://ala-git.wrs.com/external/puppet/github.com.puppetlabs.puppetlabs-ntp.git
  ref: 4.1.0
  sha: 5774e6b206afabfda696ac13aff4e09503170341
  specs:
    puppetlabs-ntp (4.1.0)
      puppetlabs-stdlib (< 5.0.0, >= 4.6.0)

GIT
  remote: git://ala-git.wrs.com/external/puppet/github.com.puppetlabs.puppetlabs-puppetdb.git
  ref: 4.3.0
  sha: ad946c55cb6e360420ec42746106d890e3ed53fa
  specs:
    puppetlabs-puppetdb (4.3.0)
      puppetlabs-firewall (< 2.0.0, >= 1.1.3)
      puppetlabs-inifile (< 2.0.0, >= 1.1.3)
      puppetlabs-postgresql (< 5.0.0, >= 4.0.0)
      puppetlabs-stdlib (< 5.0.0, >= 4.2.2)

GIT
  remote: git://ala-git.wrs.com/external/puppet/github.com.saz.puppet-sudo.git
  ref: v3.1.0
  sha: e5fe01b9df91d380f1785f4be2818913bfdaba25
  specs:
    saz-sudo (3.1.0)
      puppetlabs-stdlib (< 5.0.0, >= 2.3.0)

GIT
  remote: git://ala-git.wrs.com/external/puppet/github.com.solarkennedy.puppet-consul.git
  ref: 4e93a9b933100aa65d695a01453103557e34f697
  sha: 4e93a9b933100aa65d695a01453103557e34f697
  specs:
    solarkennedy-consul (1.0.5)
      nanliu-staging (< 2.0.0, >= 0.4.0)
      puppetlabs-stdlib (< 5.0.0, >= 4.6.0)

GIT
  remote: https://github.com/dalen/puppet-puppetdbquery.git
  ref: 1.5.3
  sha: be650dcfa3c8af92f190685ca17f0f171d1bb3af
  specs:
    dalen-puppetdbquery (1.5.3)

GIT
  remote: https://github.com/jtopjian/puppet-sshkeys.git
  ref: 2.1.0
  sha: ae5cf955661fc1f8ff39962d2e8f30ba02cb9ca5
  specs:
    jtopjian-sshkeys (2.1.0)
      dalen-puppetdbquery (>= 1.3.2)
      puppetlabs-stdlib (>= 4.1.0)

DEPENDENCIES
  arioch-redis (>= 0)
  b4ldr-logrotate (= 1.1.3)
  dalen-puppetdbquery (>= 0)
  darin-zypprepo (= 1.0.2)
  deric-mesos (>= 0)
  deric-zookeeper (>= 0)
  dhoppe-postfix (>= 0)
  duritong-sysctl (>= 0)
  garethr-docker (>= 0)
  gdhbashton-consul_template (>= 0)
  hunner-hiera (>= 0)
  jtopjian-sshkeys (>= 0)
  mrjoshuap-dnsmasq (>= 0)
  puppet-collectd (>= 0)
  puppet-logstash (>= 0)
  puppet-riemann (>= 0)
  puppet-unattended_upgrades (>= 0)
  puppetlabs-apache (>= 0)
  puppetlabs-apt (>= 0)
  puppetlabs-concat (>= 0)
  puppetlabs-firewall (>= 0)
  puppetlabs-inifile (>= 0)
  puppetlabs-java (>= 0)
  puppetlabs-ntp (>= 0)
  puppetlabs-postgresql (>= 0)
  puppetlabs-puppetdb (>= 0)
  puppetlabs-rsync (>= 0)
  puppetlabs-stdlib (>= 0)
  puppetlabs-vcsrepo (>= 0)
  puppetlabs-xinetd (>= 0)
  saz-sudo (>= 0)
  solarkennedy-consul (>= 0)

